{
  "nodes": {
    "adblockStevenBlack": {
      "flake": false,
      "locked": {
        "lastModified": 1665337238,
        "narHash": "sha256-LYYjWMy4xXXqnM3ROKseS7y0faNLYyyDPqUe1+Uf+RE=",
        "owner": "StevenBlack",
        "repo": "hosts",
        "rev": "ff7d9bed83732bd3980ae452927541c6c4b15382",
        "type": "github"
      },
      "original": {
        "owner": "StevenBlack",
        "repo": "hosts",
        "type": "github"
      }
    },
    "nixpkgs": {
      "locked": {
        "lastModified": 0,
        "narHash": "sha256-zoHPqSQSENt96zTk6Mt1AP+dMNqQDshXKQ4I6MfjP80=",
        "path": "/nix/store/wxn6cfj8p7kf720jyz3r3xfw3xvn6kdh-source",
        "type": "path"
      },
      "original": {
        "id": "nixpkgs",
        "type": "indirect"
      }
    },
    "root": {
      "inputs": {
        "adblockStevenBlack": "adblockStevenBlack",
        "nixpkgs": "nixpkgs"
      }
    }
  },
  "root": "root",
  "version": 7
}
