{
  "nodes": {
    "adblockStevenBlack": {
      "flake": false,
      "locked": {
        "lastModified": 1654831104,
        "narHash": "sha256-qybp7aELcGKZjcPBR3ouXEoUgMKlfcxGecvCalMvT2w=",
        "owner": "StevenBlack",
        "repo": "hosts",
        "rev": "11b8c3d9ac5b154ff4a5f5ff203b822e9fc27d11",
        "type": "github"
      },
      "original": {
        "owner": "StevenBlack",
        "repo": "hosts",
        "type": "github"
      }
    },
    "flake-utils": {
      "locked": {
        "lastModified": 1653893745,
        "narHash": "sha256-0jntwV3Z8//YwuOjzhV2sgJJPt+HY6KhU7VZUL0fKZQ=",
        "owner": "numtide",
        "repo": "flake-utils",
        "rev": "1ed9fb1935d260de5fe1c2f7ee0ebaae17ed2fa1",
        "type": "github"
      },
      "original": {
        "owner": "numtide",
        "repo": "flake-utils",
        "type": "github"
      }
    },
    "nixpkgs": {
      "locked": {
        "lastModified": 0,
        "narHash": "sha256-bXimktlkjL9s8ldMzMBslxEs80cjZDqrof1g8MbhmQI=",
        "path": "/nix/store/anxkws88q4pifjc7vkcw7i9man7q4py2-source",
        "type": "path"
      },
      "original": {
        "id": "nixpkgs",
        "type": "indirect"
      }
    },
    "root": {
      "inputs": {
        "adblockStevenBlack": "adblockStevenBlack",
        "flake-utils": "flake-utils",
        "nixpkgs": "nixpkgs"
      }
    }
  },
  "root": "root",
  "version": 7
}
